
Microsoft Visual Studio Solution File, Format Version 12.00
# Visual Studio Version 17
VisualStudioVersion = 17.11.35222.181
MinimumVisualStudioVersion = 10.0.40219.1
Project("{FAE04EC0-301F-11D3-BF4B-00C04F79EFBC}") = "WorkerService.Consumer", "WorkerService.Consumer\WorkerService.Consumer.csproj", "{275C48ED-74CF-4F62-A1AD-E4700E7886F8}"
EndProject
Global
	GlobalSection(SolutionConfigurationPlatforms) = preSolution
		Debug|Any CPU = Debug|Any CPU
		Release|Any CPU = Release|Any CPU
	EndGlobalSection
	GlobalSection(ProjectConfigurationPlatforms) = postSolution
		{275C48ED-74CF-4F62-A1AD-E4700E7886F8}.Debug|Any CPU.ActiveCfg = Debug|Any CPU
		{275C48ED-74CF-4F62-A1AD-E4700E7886F8}.Debug|Any CPU.Build.0 = Debug|Any CPU
		{275C48ED-74CF-4F62-A1AD-E4700E7886F8}.Release|Any CPU.ActiveCfg = Release|Any CPU
		{275C48ED-74CF-4F62-A1AD-E4700E7886F8}.Release|Any CPU.Build.0 = Release|Any CPU
	EndGlobalSection
	GlobalSection(SolutionProperties) = preSolution
		HideSolutionNode = FALSE
	EndGlobalSection
	GlobalSection(ExtensibilityGlobals) = postSolution
		SolutionGuid = {62637D02-271E-416D-8AB4-64E736BDAFC9}
	EndGlobalSection
EndGlobal
